
Microsoft Visual Studio Solution File, Format Version 12.00
# Visual Studio Version 16
VisualStudioVersion = 16.0.30626.31
MinimumVisualStudioVersion = 10.0.40219.1
Project("{9A19103F-16F7-4668-BE54-9A1E7A4F7556}") = "EvaluateMLNet", "EvaluateMLNet\EvaluateMLNet.csproj", "{B71F027D-E641-443D-BB42-85DCA8B46703}"
EndProject
Project("{9A19103F-16F7-4668-BE54-9A1E7A4F7556}") = "EvaluateMLNet.Test", "..\test\EvaluateMLNet.Test\EvaluateMLNet.Test.csproj", "{D59C97C4-E500-4049-AF90-FF74ACB0BBD3}"
EndProject
Global
	GlobalSection(SolutionConfigurationPlatforms) = preSolution
		Debug|Any CPU = Debug|Any CPU
		Release|Any CPU = Release|Any CPU
	EndGlobalSection
	GlobalSection(ProjectConfigurationPlatforms) = postSolution
		{B71F027D-E641-443D-BB42-85DCA8B46703}.Debug|Any CPU.ActiveCfg = Debug|Any CPU
		{B71F027D-E641-443D-BB42-85DCA8B46703}.Debug|Any CPU.Build.0 = Debug|Any CPU
		{B71F027D-E641-443D-BB42-85DCA8B46703}.Release|Any CPU.ActiveCfg = Release|Any CPU
		{B71F027D-E641-443D-BB42-85DCA8B46703}.Release|Any CPU.Build.0 = Release|Any CPU
		{D59C97C4-E500-4049-AF90-FF74ACB0BBD3}.Debug|Any CPU.ActiveCfg = Debug|Any CPU
		{D59C97C4-E500-4049-AF90-FF74ACB0BBD3}.Debug|Any CPU.Build.0 = Debug|Any CPU
		{D59C97C4-E500-4049-AF90-FF74ACB0BBD3}.Release|Any CPU.ActiveCfg = Release|Any CPU
		{D59C97C4-E500-4049-AF90-FF74ACB0BBD3}.Release|Any CPU.Build.0 = Release|Any CPU
	EndGlobalSection
	GlobalSection(SolutionProperties) = preSolution
		HideSolutionNode = FALSE
	EndGlobalSection
	GlobalSection(ExtensibilityGlobals) = postSolution
		SolutionGuid = {582AE027-12E8-4813-ADF0-0B95601A3C97}
	EndGlobalSection
EndGlobal
